{
  "name": "molax-test-app",
  "version": "1.0.0",
  "lockfileVersion": 3,
  "requires": true,
  "packages": {
    "": {
      "name": "molax-test-app",
      "version": "1.0.0",
      "license": "ISC",
      "dependencies": {
        "molax": "^1.0.5"
      }
    },
    "node_modules/molax": {
      "version": "1.0.5",
      "resolved": "https://registry.npmjs.org/molax/-/molax-1.0.5.tgz",
      "integrity": "sha512-gO2QxdujkvqkwR4hmCJLU8dgSSE1wYnDMEXFTZarXJjFCaJLGJVgn5ISYplmWu/T5cJp4EGxbcKqWz+Q/+HFHA=="
    }
  }
}
