{
  "name": "molax-test-app",
  "version": "1.0.0",
  "lockfileVersion": 3,
  "requires": true,
  "packages": {
    "": {
      "name": "molax-test-app",
      "version": "1.0.0",
      "license": "ISC",
      "dependencies": {
        "molax": "^1.0.4"
      }
    },
    "node_modules/molax": {
      "version": "1.0.4",
      "resolved": "https://registry.npmjs.org/molax/-/molax-1.0.4.tgz",
      "integrity": "sha512-tb4HoJ8686GfPnBfo8EJl3BuNBZHYBa00LsS+s348WxyDTPhokMy9GiUVlIsQ21dDDpe3ooZsq+zYNoe7W0LsA=="
    }
  }
}
